Microsoft Visual Studio Solution File, Format Version 12.00
# Visual Studio 15
VisualStudioVersion = 15.0.26430.14
MinimumVisualStudioVersion = 10.0.40219.1
Project("{FAE04EC0-301F-11D3-BF4B-00C04F79EFBC}") = "SwaggerPetstoreOpenAPI310.Standard", "SwaggerPetstoreOpenAPI310.Standard/SwaggerPetstoreOpenAPI310.Standard.csproj", "{0a32a10f-6d09-4610-9943-1514d0078f95}"
EndProject
Project("{FAE04EC0-301F-11D3-BF4B-00C04F79EFBC}") = "SwaggerPetstoreOpenAPI310.Tests", "SwaggerPetstoreOpenAPI310.Tests/SwaggerPetstoreOpenAPI310.Tests.csproj", "{2d6afc8d-920a-4761-a7c3-66ee61d2ad40}"
EndProject
Global
    GlobalSection(SolutionConfigurationPlatforms) = preSolution
        Debug|Any CPU = Debug|Any CPU
        Release|Any CPU = Release|Any CPU
    EndGlobalSection
    GlobalSection(ProjectConfigurationPlatforms) = postSolution
        {0a32a10f-6d09-4610-9943-1514d0078f95}.Debug|Any CPU.ActiveCfg = Debug|Any CPU
        {0a32a10f-6d09-4610-9943-1514d0078f95}.Debug|Any CPU.Build.0 = Debug|Any CPU
        {0a32a10f-6d09-4610-9943-1514d0078f95}.Release|Any CPU.ActiveCfg = Release|Any CPU
        {0a32a10f-6d09-4610-9943-1514d0078f95}.Release|Any CPU.Build.0 = Release|Any CPU
        {2d6afc8d-920a-4761-a7c3-66ee61d2ad40}.Debug|Any CPU.ActiveCfg = Debug|Any CPU
        {2d6afc8d-920a-4761-a7c3-66ee61d2ad40}.Debug|Any CPU.Build.0 = Debug|Any CPU
        {2d6afc8d-920a-4761-a7c3-66ee61d2ad40}.Release|Any CPU.ActiveCfg = Release|Any CPU
        {2d6afc8d-920a-4761-a7c3-66ee61d2ad40}.Release|Any CPU.Build.0 = Release|Any CPU
    EndGlobalSection
    GlobalSection(SolutionProperties) = preSolution
        HideSolutionNode = FALSE
    EndGlobalSection
EndGlobal